github.com/magefile/mage v1.15.0 h1:BvGheCMAsG3bWUDbZ8AyXXpCNwU9u5CB6sM+HNb9HYg=
github.com/magefile/mage v1.15.0/go.mod h1:z5UZb/iS3GoOSn0JgWuiw7dxlurVYTu+/jHXqQg881A=
github.com/mesh-intelligence/cobbler-scaffold v0.20260309.1 h1:4VfTQIGknMV9GhZH9cVrkTpuBLp63iCX4e/8ek40kjM=
github.com/mesh-intelligence/cobbler-scaffold v0.20260309.1/go.mod h1:7ClERKqRLakydq2mwtElXc/uuNoiHD9SnKxndu8w5yg=
github.com/schlunsen/claude-agent-sdk-go v0.5.1 h1:8hho5wd5XU87q91ssEFeJmgS0whm6JTroqtwnaUQxcA=
github.com/schlunsen/claude-agent-sdk-go v0.5.1/go.mod h1:bH59LsKvDqUtYzW+6MNoaFEjcpMtfdvRNjQDCyfBJ+o=
gopkg.in/check.v1 v0.0.0-20161208181325-20d25e280405 h1:yhCVgyC4o1eVCa2tZl7eS0r+SDo693bJlVdllGtEeKM=
gopkg.in/check.v1 v0.0.0-20161208181325-20d25e280405/go.mod h1:Co6ibVJAznAaIkqp8huTwlJQCZ016jof/cbN4VW5Yz0=
gopkg.in/yaml.v3 v3.0.1 h1:fxVm/GzAzEWqLHuvctI91KS9hhNmmWOoWu0XTYJS7CA=
gopkg.in/yaml.v3 v3.0.1/go.mod h1:K4uyk7z7BCEPqu6E+C64Yfv1cQ7kz7rIZviUmN+EgEM=
